
Microsoft Visual Studio Solution File, Format Version 12.00
# Visual Studio 15
VisualStudioVersion = 15.0.27428.2043
MinimumVisualStudioVersion = 10.0.40219.1
Project("{FAE04EC0-301F-11D3-BF4B-00C04F79EFBC}") = "SocialNet.DAL", "SocialNet.DAL\SocialNet.DAL.csproj", "{C2F434EF-3A08-40D4-B543-3734A725B586}"
EndProject
Project("{FAE04EC0-301F-11D3-BF4B-00C04F79EFBC}") = "SocialNet.Api", "SocialNet.Api\SocialNet.Api.csproj", "{5824E139-238D-4C57-8657-3A8D7F2FE344}"
EndProject
Global
	GlobalSection(SolutionConfigurationPlatforms) = preSolution
		Debug|Any CPU = Debug|Any CPU
		Release|Any CPU = Release|Any CPU
	EndGlobalSection
	GlobalSection(ProjectConfigurationPlatforms) = postSolution
		{C2F434EF-3A08-40D4-B543-3734A725B586}.Debug|Any CPU.ActiveCfg = Debug|Any CPU
		{C2F434EF-3A08-40D4-B543-3734A725B586}.Debug|Any CPU.Build.0 = Debug|Any CPU
		{C2F434EF-3A08-40D4-B543-3734A725B586}.Release|Any CPU.ActiveCfg = Release|Any CPU
		{C2F434EF-3A08-40D4-B543-3734A725B586}.Release|Any CPU.Build.0 = Release|Any CPU
		{5824E139-238D-4C57-8657-3A8D7F2FE344}.Debug|Any CPU.ActiveCfg = Debug|Any CPU
		{5824E139-238D-4C57-8657-3A8D7F2FE344}.Debug|Any CPU.Build.0 = Debug|Any CPU
		{5824E139-238D-4C57-8657-3A8D7F2FE344}.Release|Any CPU.ActiveCfg = Release|Any CPU
		{5824E139-238D-4C57-8657-3A8D7F2FE344}.Release|Any CPU.Build.0 = Release|Any CPU
	EndGlobalSection
	GlobalSection(SolutionProperties) = preSolution
		HideSolutionNode = FALSE
	EndGlobalSection
	GlobalSection(ExtensibilityGlobals) = postSolution
		SolutionGuid = {460B8B92-8FA7-4859-BABE-48DB039A635C}
	EndGlobalSection
EndGlobal
